
Microsoft Visual Studio Solution File, Format Version 12.00
# Visual Studio Version 17
VisualStudioVersion = 17.3.32922.545
MinimumVisualStudioVersion = 10.0.40219.1
Project("{FAE04EC0-301F-11D3-BF4B-00C04F79EFBC}") = "CalculatorWithDelegates", "CalculatorWithDelegates\CalculatorWithDelegates.csproj", "{168423B0-EE75-470B-9151-5D789E3CA977}"
EndProject
Global
	GlobalSection(SolutionConfigurationPlatforms) = preSolution
		Debug|Any CPU = Debug|Any CPU
		Release|Any CPU = Release|Any CPU
	EndGlobalSection
	GlobalSection(ProjectConfigurationPlatforms) = postSolution
		{168423B0-EE75-470B-9151-5D789E3CA977}.Debug|Any CPU.ActiveCfg = Debug|Any CPU
		{168423B0-EE75-470B-9151-5D789E3CA977}.Debug|Any CPU.Build.0 = Debug|Any CPU
		{168423B0-EE75-470B-9151-5D789E3CA977}.Release|Any CPU.ActiveCfg = Release|Any CPU
		{168423B0-EE75-470B-9151-5D789E3CA977}.Release|Any CPU.Build.0 = Release|Any CPU
	EndGlobalSection
	GlobalSection(SolutionProperties) = preSolution
		HideSolutionNode = FALSE
	EndGlobalSection
	GlobalSection(ExtensibilityGlobals) = postSolution
		SolutionGuid = {3E12DE68-6A9D-4F66-85C9-4AE3858E14E9}
	EndGlobalSection
EndGlobal
